# This file is generated by running "yarn install" inside your project.
# Manual changes might be lost - proceed with caution!

__metadata:
  version: 4
  cacheKey: 8

"@types/node-fetch@npm:^3.0.3":
  version: 3.0.3
  resolution: "@types/node-fetch@npm:3.0.3"
  dependencies:
    node-fetch: "*"
  checksum: 1d46abfda354d7d423f5873f6bd07550f170c869ca33740b0e170265d3b65f76f9cac5f83fa0c4aa7afee66a6e1b14d4c4edd0297133fd186fef21fb53727413
  languageName: node
  linkType: hard

"@types/node@npm:^17.0.8":
  version: 17.0.8
  resolution: "@types/node@npm:17.0.8"
  checksum: f4cadeb9e602027520abc88c77142697e33cf6ac98bb02f8b595a398603cbd33df1f94d01c055c9f13cde0c8eaafc5e396ca72645458d42b4318b845bc7f1d0f
  languageName: node
  linkType: hard

"data-uri-to-buffer@npm:^4.0.0":
  version: 4.0.0
  resolution: "data-uri-to-buffer@npm:4.0.0"
  checksum: a010653869abe8bb51259432894ac62c52bf79ad761d418d94396f48c346f2ae739c46b254e8bb5987bded8a653d467db1968db3a69bab1d33aa5567baa5cfc7
  languageName: node
  linkType: hard

"fetch-blob@npm:^3.1.2":
  version: 3.1.3
  resolution: "fetch-blob@npm:3.1.3"
  dependencies:
    web-streams-polyfill: ^3.0.3
  checksum: 7be20e9c9a936601c280ef3cfed1968dbcfb35e31564b9bdc807b48de73587cd358b7c3965a3f03483f5268dc373ae8526608947750f22eb214e20c94efab9c1
  languageName: node
  linkType: hard

"formdata-polyfill@npm:^4.0.10":
  version: 4.0.10
  resolution: "formdata-polyfill@npm:4.0.10"
  dependencies:
    fetch-blob: ^3.1.2
  checksum: 82a34df292afadd82b43d4a740ce387bc08541e0a534358425193017bf9fb3567875dc5f69564984b1da979979b70703aa73dee715a17b6c229752ae736dd9db
  languageName: node
  linkType: hard

"node-fetch@npm:*, node-fetch@npm:^3.1.0":
  version: 3.1.0
  resolution: "node-fetch@npm:3.1.0"
  dependencies:
    data-uri-to-buffer: ^4.0.0
    fetch-blob: ^3.1.2
    formdata-polyfill: ^4.0.10
  checksum: 23b5977554d21b72d7d99145d00bcf06e463fa621bf0afc276ad121a79509a133f38c7e470b34aad45d4032d3315bf5584ff6a1cb83e8f01be7a44cc7ac72693
  languageName: node
  linkType: hard

"tinder-liked-watcher@workspace:.":
  version: 0.0.0-use.local
  resolution: "tinder-liked-watcher@workspace:."
  dependencies:
    "@types/node": ^17.0.8
    "@types/node-fetch": ^3.0.3
    node-fetch: ^3.1.0
    typescript: ^4.5.4
  languageName: unknown
  linkType: soft

typescript@^4.5.4:
  version: 4.5.4
  resolution: "typescript@npm:4.5.4"
  bin:
    tsc: bin/tsc
    tsserver: bin/tsserver
  checksum: 59f3243f9cd6fe3161e6150ff6bf795fc843b4234a655dbd938a310515e0d61afd1ac942799e7415e4334255e41c2c49b7dd5d9fd38a17acd25a6779ca7e0961
  languageName: node
  linkType: hard

"typescript@patch:typescript@^4.5.4#~builtin<compat/typescript>":
  version: 4.5.4
  resolution: "typescript@patch:typescript@npm%3A4.5.4#~builtin<compat/typescript>::version=4.5.4&hash=32657b"
  bin:
    tsc: bin/tsc
    tsserver: bin/tsserver
  checksum: db7fe40618f600c22a17db25bd727acbef509d8a4bd9a514f1b8c146f3cf9dd79478c5a8cd13c48a60d1ee4463319d9f72b6445f9e445f81bce6192d205d1811
  languageName: node
  linkType: hard

"web-streams-polyfill@npm:^3.0.3":
  version: 3.2.0
  resolution: "web-streams-polyfill@npm:3.2.0"
  checksum: e23ad0649392fa0159dbfc6bb27474c308c3f332d9078cfef3c06c154165bef18732c5814126147c6c712f604216ddc950c171c854e3821f020e0d2d721a5958
  languageName: node
  linkType: hard
